github.com/ebfe/scard v0.0.0-20190212122703-c3d1b1916a95 h1:OM0MnUcXBysj7ZtXvThVWHMoahuKQ8FuwIdeSLcNdP4=
github.com/ebfe/scard v0.0.0-20190212122703-c3d1b1916a95/go.mod h1:8hHvF8DlEq5kE3KWOsZQezdWq1OTOVxZArZMscS954E=
github.com/sf1/go-card v1.2.0 h1:aOcQd6y+kuqrkMgwZVHeWsq0fmt8luW/INBj//ABBj4=
github.com/sf1/go-card v1.2.0/go.mod h1:cdx/MUznsBaRXw7G3KEw8RAnEdAakPz99+rT+iFDy+I=
